{
  "version": 4,
  "terraform_version": "1.13.5",
  "serial": 47,
  "lineage": "3502ebc1-8fdd-6537-aa92-829a337246ea",
  "outputs": {
    "backend_url": {
      "value": "https://backend-run-iuxbjjxuza-ew.a.run.app",
      "type": "string"
    },
    "db_connection_name": {
      "value": "cloudbros:europe-west1:the-datterbasse-instance",
      "type": "string"
    },
    "frontend_url": {
      "value": "https://frontend-run-iuxbjjxuza-ew.a.run.app",
      "type": "string"
    }
  },
  "resources": [
    {
      "mode": "managed",
      "type": "google_cloud_run_service",
      "name": "backend",
      "provider": "provider[\"registry.terraform.io/hashicorp/google\"]",
      "instances": [
        {
          "schema_version": 2,
          "attributes": {
            "autogenerate_revision_name": false,
            "id": "locations/europe-west1/namespaces/cloudbros/services/backend-run",
            "location": "europe-west1",
            "metadata": [
              {
                "annotations": {},
                "effective_annotations": {
                  "run.googleapis.com/client-name": "cloud-console",
                  "run.googleapis.com/ingress": "all",
                  "run.googleapis.com/ingress-status": "all",
                  "run.googleapis.com/invoker-iam-disabled": "true",
                  "run.googleapis.com/operation-id": "f2724886-11c8-4bd9-9674-34dd0dc89a4e",
                  "run.googleapis.com/urls": "[\"https://backend-run-304371452778.europe-west1.run.app\",\"https://backend-run-iuxbjjxuza-ew.a.run.app\"]",
                  "serving.knative.dev/creator": "mikkel1510@live.dk",
                  "serving.knative.dev/lastModifier": "mikkel1510@live.dk"
                },
                "effective_labels": {
                  "cloud.googleapis.com/location": "europe-west1"
                },
                "generation": 2,
                "labels": {},
                "namespace": "cloudbros",
                "resource_version": "AAZE4cURdfs",
                "self_link": "/apis/serving.knative.dev/v1/namespaces/304371452778/services/backend-run",
                "terraform_labels": {},
                "uid": "0bfa9ee9-c1b9-41e4-aad7-0f186d06bc6f"
              }
            ],
            "name": "backend-run",
            "project": "cloudbros",
            "status": [
              {
                "conditions": [
                  {
                    "message": "",
                    "reason": "",
                    "status": "True",
                    "type": "Ready"
                  },
                  {
                    "message": "",
                    "reason": "",
                    "status": "True",
                    "type": "ConfigurationsReady"
                  },
                  {
                    "message": "",
                    "reason": "",
                    "status": "True",
                    "type": "RoutesReady"
                  }
                ],
                "latest_created_revision_name": "backend-run-00001-xj9",
                "latest_ready_revision_name": "backend-run-00001-xj9",
                "observed_generation": 2,
                "traffic": [
                  {
                    "latest_revision": true,
                    "percent": 100,
                    "revision_name": "backend-run-00001-xj9",
                    "tag": "",
                    "url": ""
                  }
                ],
                "url": "https://backend-run-iuxbjjxuza-ew.a.run.app"
              }
            ],
            "template": [
              {
                "metadata": [
                  {
                    "annotations": {
                      "autoscaling.knative.dev/maxScale": "200",
                      "run.googleapis.com/client-name": "terraform",
                      "run.googleapis.com/cloudsql-instances": "cloudbros:europe-west1:the-datterbasse-instance"
                    },
                    "generation": 0,
                    "labels": {
                      "run.googleapis.com/startupProbeType": "Default"
                    },
                    "name": "",
                    "namespace": "",
                    "resource_version": "",
                    "self_link": "",
                    "uid": ""
                  }
                ],
                "spec": [
                  {
                    "container_concurrency": 80,
                    "containers": [
                      {
                        "args": [],
                        "command": [],
                        "env": [
                          {
                            "name": "DB_NAME",
                            "value": "the-sql",
                            "value_from": []
                          },
                          {
                            "name": "DB_PASS",
                            "value": "your-password",
                            "value_from": []
                          },
                          {
                            "name": "DB_USER",
                            "value": "appuser",
                            "value_from": []
                          },
                          {
                            "name": "INSTANCE_CONNECTION_NAME",
                            "value": "cloudbros:europe-west1:the-datterbasse-instance",
                            "value_from": []
                          }
                        ],
                        "env_from": [],
                        "image": "europe-west1-docker.pkg.dev/cloudbros/backend-repo/backend:latest",
                        "liveness_probe": [],
                        "name": "",
                        "ports": [
                          {
                            "container_port": 8080,
                            "name": "http1",
                            "protocol": ""
                          }
                        ],
                        "resources": [
                          {
                            "limits": {
                              "cpu": "1000m",
                              "memory": "512Mi"
                            },
                            "requests": {}
                          }
                        ],
                        "startup_probe": [
                          {
                            "failure_threshold": 1,
                            "grpc": [],
                            "http_get": [],
                            "initial_delay_seconds": 0,
                            "period_seconds": 240,
                            "tcp_socket": [
                              {
                                "port": 8080
                              }
                            ],
                            "timeout_seconds": 240
                          }
                        ],
                        "volume_mounts": [],
                        "working_dir": ""
                      }
                    ],
                    "node_selector": {},
                    "service_account_name": "304371452778-compute@developer.gserviceaccount.com",
                    "serving_state": "",
                    "timeout_seconds": 300,
                    "volumes": []
                  }
                ]
              }
            ],
            "timeouts": null,
            "traffic": [
              {
                "latest_revision": true,
                "percent": 100,
                "revision_name": "",
                "tag": "",
                "url": ""
              }
            ]
          },
          "sensitive_attributes": [
            [
              {
                "type": "get_attr",
                "value": "template"
              },
              {
                "type": "index",
                "value": {
                  "value": 0,
                  "type": "number"
                }
              },
              {
                "type": "get_attr",
                "value": "spec"
              },
              {
                "type": "index",
                "value": {
                  "value": 0,
                  "type": "number"
                }
              },
              {
                "type": "get_attr",
                "value": "containers"
              },
              {
                "type": "index",
                "value": {
                  "value": 0,
                  "type": "number"
                }
              },
              {
                "type": "get_attr",
                "value": "env"
              }
            ]
          ],
          "identity_schema_version": 0,
          "private": "eyJlMmJmYjczMC1lY2FhLTExZTYtOGY4OC0zNDM2M2JjN2M0YzAiOnsiY3JlYXRlIjoxMjAwMDAwMDAwMDAwLCJkZWxldGUiOjEyMDAwMDAwMDAwMDAsInVwZGF0ZSI6MTIwMDAwMDAwMDAwMH0sInNjaGVtYV92ZXJzaW9uIjoiMiJ9",
          "dependencies": [
            "google_sql_database.database",
            "google_sql_database_instance.instance",
            "google_sql_user.db_user"
          ]
        }
      ]
    },
    {
      "mode": "managed",
      "type": "google_cloud_run_service",
      "name": "frontend",
      "provider": "provider[\"registry.terraform.io/hashicorp/google\"]",
      "instances": [
        {
          "schema_version": 2,
          "attributes": {
            "autogenerate_revision_name": false,
            "id": "locations/europe-west1/namespaces/cloudbros/services/frontend-run",
            "location": "europe-west1",
            "metadata": [
              {
                "annotations": {},
                "effective_annotations": {
                  "run.googleapis.com/client-name": "cloud-console",
                  "run.googleapis.com/ingress": "all",
                  "run.googleapis.com/ingress-status": "all",
                  "run.googleapis.com/invoker-iam-disabled": "true",
                  "run.googleapis.com/operation-id": "62d7602b-5f0c-4122-9152-af47878c9490",
                  "run.googleapis.com/urls": "[\"https://frontend-run-304371452778.europe-west1.run.app\",\"https://frontend-run-iuxbjjxuza-ew.a.run.app\"]",
                  "serving.knative.dev/creator": "mikkel1510@live.dk",
                  "serving.knative.dev/lastModifier": "mikkel1510@live.dk"
                },
                "effective_labels": {
                  "cloud.googleapis.com/location": "europe-west1"
                },
                "generation": 2,
                "labels": {},
                "namespace": "cloudbros",
                "resource_version": "AAZE2G+HAkE",
                "self_link": "/apis/serving.knative.dev/v1/namespaces/304371452778/services/frontend-run",
                "terraform_labels": {},
                "uid": "a13fd2f2-ce0e-4e86-a48a-df8906fcbd2a"
              }
            ],
            "name": "frontend-run",
            "project": "cloudbros",
            "status": [
              {
                "conditions": [
                  {
                    "message": "",
                    "reason": "",
                    "status": "True",
                    "type": "Ready"
                  },
                  {
                    "message": "",
                    "reason": "",
                    "status": "True",
                    "type": "ConfigurationsReady"
                  },
                  {
                    "message": "",
                    "reason": "",
                    "status": "True",
                    "type": "RoutesReady"
                  }
                ],
                "latest_created_revision_name": "frontend-run-00001-bj8",
                "latest_ready_revision_name": "frontend-run-00001-bj8",
                "observed_generation": 2,
                "traffic": [
                  {
                    "latest_revision": true,
                    "percent": 100,
                    "revision_name": "frontend-run-00001-bj8",
                    "tag": "",
                    "url": ""
                  }
                ],
                "url": "https://frontend-run-iuxbjjxuza-ew.a.run.app"
              }
            ],
            "template": [
              {
                "metadata": [
                  {
                    "annotations": {
                      "autoscaling.knative.dev/maxScale": "20"
                    },
                    "generation": 0,
                    "labels": {
                      "run.googleapis.com/startupProbeType": "Default"
                    },
                    "name": "",
                    "namespace": "",
                    "resource_version": "",
                    "self_link": "",
                    "uid": ""
                  }
                ],
                "spec": [
                  {
                    "container_concurrency": 80,
                    "containers": [
                      {
                        "args": [],
                        "command": [],
                        "env": [
                          {
                            "name": "API_ADDRESS",
                            "value": "https://backend-run-iuxbjjxuza-ew.a.run.app",
                            "value_from": []
                          }
                        ],
                        "env_from": [],
                        "image": "europe-west1-docker.pkg.dev/cloudbros/frontend-repo/frontend:latest",
                        "liveness_probe": [],
                        "name": "",
                        "ports": [
                          {
                            "container_port": 8080,
                            "name": "http1",
                            "protocol": ""
                          }
                        ],
                        "resources": [
                          {
                            "limits": {
                              "cpu": "1000m",
                              "memory": "512Mi"
                            },
                            "requests": {}
                          }
                        ],
                        "startup_probe": [
                          {
                            "failure_threshold": 1,
                            "grpc": [],
                            "http_get": [],
                            "initial_delay_seconds": 0,
                            "period_seconds": 240,
                            "tcp_socket": [
                              {
                                "port": 8080
                              }
                            ],
                            "timeout_seconds": 240
                          }
                        ],
                        "volume_mounts": [],
                        "working_dir": ""
                      }
                    ],
                    "node_selector": {},
                    "service_account_name": "304371452778-compute@developer.gserviceaccount.com",
                    "serving_state": "",
                    "timeout_seconds": 300,
                    "volumes": []
                  }
                ]
              }
            ],
            "timeouts": null,
            "traffic": [
              {
                "latest_revision": true,
                "percent": 100,
                "revision_name": "",
                "tag": "",
                "url": ""
              }
            ]
          },
          "sensitive_attributes": [],
          "identity_schema_version": 0,
          "private": "eyJlMmJmYjczMC1lY2FhLTExZTYtOGY4OC0zNDM2M2JjN2M0YzAiOnsiY3JlYXRlIjoxMjAwMDAwMDAwMDAwLCJkZWxldGUiOjEyMDAwMDAwMDAwMDAsInVwZGF0ZSI6MTIwMDAwMDAwMDAwMH0sInNjaGVtYV92ZXJzaW9uIjoiMiJ9",
          "dependencies": [
            "google_cloud_run_service.backend",
            "google_sql_database.database",
            "google_sql_database_instance.instance",
            "google_sql_user.db_user"
          ]
        }
      ]
    },
    {
      "mode": "managed",
      "type": "google_sql_database",
      "name": "database",
      "provider": "provider[\"registry.terraform.io/hashicorp/google\"]",
      "instances": [
        {
          "schema_version": 0,
          "attributes": {
            "charset": "utf8mb4",
            "collation": "utf8mb4_0900_ai_ci",
            "deletion_policy": "DELETE",
            "id": "projects/cloudbros/instances/the-datterbasse-instance/databases/the-sql",
            "instance": "the-datterbasse-instance",
            "name": "the-sql",
            "project": "cloudbros",
            "self_link": "https://sqladmin.googleapis.com/sql/v1beta4/projects/cloudbros/instances/the-datterbasse-instance/databases/the-sql",
            "timeouts": null
          },
          "sensitive_attributes": [],
          "identity_schema_version": 0,
          "private": "eyJlMmJmYjczMC1lY2FhLTExZTYtOGY4OC0zNDM2M2JjN2M0YzAiOnsiY3JlYXRlIjoxMjAwMDAwMDAwMDAwLCJkZWxldGUiOjEyMDAwMDAwMDAwMDAsInVwZGF0ZSI6MTIwMDAwMDAwMDAwMH19",
          "dependencies": [
            "google_sql_database_instance.instance"
          ]
        }
      ]
    },
    {
      "mode": "managed",
      "type": "google_sql_database_instance",
      "name": "instance",
      "provider": "provider[\"registry.terraform.io/hashicorp/google\"]",
      "instances": [
        {
          "schema_version": 0,
          "attributes": {
            "available_maintenance_versions": [],
            "backupdr_backup": null,
            "clone": [],
            "connection_name": "cloudbros:europe-west1:the-datterbasse-instance",
            "database_version": "MYSQL_8_0",
            "deletion_protection": false,
            "dns_name": "",
            "dns_names": [],
            "encryption_key_name": null,
            "final_backup_description": null,
            "first_ip_address": "130.211.74.28",
            "id": "the-datterbasse-instance",
            "instance_type": "CLOUD_SQL_INSTANCE",
            "ip_address": [
              {
                "ip_address": "130.211.74.28",
                "time_to_retire": "",
                "type": "PRIMARY"
              }
            ],
            "maintenance_version": "MYSQL_8_0_41.R20251004.01_14",
            "master_instance_name": "",
            "name": "the-datterbasse-instance",
            "node_count": 0,
            "point_in_time_restore_context": [],
            "private_ip_address": "",
            "project": "cloudbros",
            "psc_service_attachment_link": "",
            "public_ip_address": "130.211.74.28",
            "region": "europe-west1",
            "replica_configuration": [],
            "replica_names": [],
            "replication_cluster": [
              {
                "dr_replica": false,
                "failover_dr_replica_name": "",
                "psa_write_endpoint": ""
              }
            ],
            "restore_backup_context": [],
            "root_password": null,
            "self_link": "https://sqladmin.googleapis.com/sql/v1beta4/projects/cloudbros/instances/the-datterbasse-instance",
            "server_ca_cert": [
              {
                "cert": "-----BEGIN CERTIFICATE-----\nMIIDfzCCAmegAwIBAgIBADANBgkqhkiG9w0BAQsFADB3MS0wKwYDVQQuEyRkYTg3\nMDdlZC0yNjY3LTQwZjktYjBiZi1hYjAwN2YzNmY2NDcxIzAhBgNVBAMTGkdvb2ds\nZSBDbG91ZCBTUUwgU2VydmVyIENBMRQwEgYDVQQKEwtHb29nbGUsIEluYzELMAkG\nA1UEBhMCVVMwHhcNMjUxMTMwMjMyNjExWhcNMzUxMTI4MjMyNzExWjB3MS0wKwYD\nVQQuEyRkYTg3MDdlZC0yNjY3LTQwZjktYjBiZi1hYjAwN2YzNmY2NDcxIzAhBgNV\nBAMTGkdvb2dsZSBDbG91ZCBTUUwgU2VydmVyIENBMRQwEgYDVQQKEwtHb29nbGUs\nIEluYzELMAkGA1UEBhMCVVMwggEiMA0GCSqGSIb3DQEBAQUAA4IBDwAwggEKAoIB\nAQC05i/uBxn+bcuHbl61IVDE/njNMOAKMdktPNa7MIQmwHpoejc24WUYDNVdBhzq\ncP3Ih/naTAdGgelRmgGHMUUqI/x6mbO5QfHtf7lUzwnKxTA2MQSSROGYzBeF71N4\naLMSJ+qyuUgJckFODBtK/Bssyzb6fAEZn+yXz+uNgdpo3zT5A7L0R30fV7DVdNc1\n192kON0s9pUbQJnI7/7ohyU+JQTXEMh0SsvlFGddKW9BJ3HFX6ehHdnDht7x8dEZ\ndGWnHYQuncxqoVW0EhAY+o8KI96IkaVDS/eADM6x2oqMKuMSvOEoOiEB7MIuNfVl\n6KQCKDvgTrB44g35/D9ik92ZAgMBAAGjFjAUMBIGA1UdEwEB/wQIMAYBAf8CAQAw\nDQYJKoZIhvcNAQELBQADggEBAK6/9bc1ghMMJq9xZyGL0XDT6GpzhJY3ZK1UoWxZ\nHGbGlh2Bofrsz8Y5Kq9wy3wDyKHOjP7+j0ZlD+1ysPd39Sz9wvtornB2zQNys27u\n3JWGeAelM1dJiBAD5bIu9XDkFzIEJl1atxXQegfe0h/82T4ZaiWPRo3uKJUcze9B\no70bRBuLlBUVWIr/RV7qrCNAJM95NHqk3HI8jyRKybw4skx7sa4HRN4GHxw1gqLu\nBZRw4szZtDcPKBOpVbH5xRbNJ8gw3bxtbxC2okw3htAesh7N2xKjeA+4WsJURGc9\nz/xwZf/XWxBek6sCdt1k2Chldnm4OOr55lHPWmYd1DNHVNs=\n-----END CERTIFICATE-----",
                "common_name": "C=US,O=Google\\, Inc,CN=Google Cloud SQL Server CA,dnQualifier=da8707ed-2667-40f9-b0bf-ab007f36f647",
                "create_time": "2025-11-30T23:26:11.086Z",
                "expiration_time": "2035-11-28T23:27:11.086Z",
                "sha1_fingerprint": "71b04c8734cdabdf38df3bb8a90e075253244303"
              }
            ],
            "service_account_email_address": "p304371452778-44evxr@gcp-sa-cloud-sql.iam.gserviceaccount.com",
            "settings": [
              {
                "activation_policy": "ALWAYS",
                "active_directory_config": [],
                "advanced_machine_features": [],
                "availability_type": "ZONAL",
                "backup_configuration": [
                  {
                    "backup_retention_settings": [
                      {
                        "retained_backups": 7,
                        "retention_unit": "COUNT"
                      }
                    ],
                    "binary_log_enabled": false,
                    "enabled": false,
                    "location": "",
                    "point_in_time_recovery_enabled": false,
                    "start_time": "11:00",
                    "transaction_log_retention_days": 7
                  }
                ],
                "collation": "",
                "connection_pool_config": [],
                "connector_enforcement": "NOT_REQUIRED",
                "data_cache_config": [
                  {
                    "data_cache_enabled": false
                  }
                ],
                "database_flags": [],
                "deletion_protection_enabled": false,
                "deny_maintenance_period": [],
                "disk_autoresize": true,
                "disk_autoresize_limit": 0,
                "disk_size": 10,
                "disk_type": "PD_SSD",
                "edition": "ENTERPRISE",
                "effective_availability_type": "ZONAL",
                "enable_dataplex_integration": false,
                "enable_google_ml_integration": false,
                "final_backup_config": [],
                "insights_config": [],
                "ip_configuration": [
                  {
                    "allocated_ip_range": "",
                    "authorized_networks": [],
                    "custom_subject_alternative_names": [],
                    "enable_private_path_for_google_cloud_services": false,
                    "ipv4_enabled": true,
                    "private_network": "",
                    "psc_config": [],
                    "server_ca_mode": "GOOGLE_MANAGED_INTERNAL_CA",
                    "server_ca_pool": "",
                    "ssl_mode": "ALLOW_UNENCRYPTED_AND_ENCRYPTED"
                  }
                ],
                "location_preference": [
                  {
                    "follow_gae_application": "",
                    "secondary_zone": "",
                    "zone": "europe-west1-b"
                  }
                ],
                "maintenance_window": [],
                "password_validation_policy": [],
                "pricing_plan": "PER_USE",
                "read_pool_auto_scale_config": [
                  {
                    "disable_scale_in": false,
                    "enabled": false,
                    "max_node_count": 0,
                    "min_node_count": 0,
                    "scale_in_cooldown_seconds": 0,
                    "scale_out_cooldown_seconds": 0,
                    "target_metrics": []
                  }
                ],
                "retain_backups_on_delete": false,
                "sql_server_audit_config": [],
                "tier": "db-f1-micro",
                "time_zone": "",
                "user_labels": {},
                "version": 2
              }
            ],
            "timeouts": null
          },
          "sensitive_attributes": [
            [
              {
                "type": "get_attr",
                "value": "root_password"
              }
            ],
            [
              {
                "type": "get_attr",
                "value": "server_ca_cert"
              }
            ]
          ],
          "identity_schema_version": 0,
          "private": "eyJlMmJmYjczMC1lY2FhLTExZTYtOGY4OC0zNDM2M2JjN2M0YzAiOnsiY3JlYXRlIjo1NDAwMDAwMDAwMDAwLCJkZWxldGUiOjU0MDAwMDAwMDAwMDAsInVwZGF0ZSI6NTQwMDAwMDAwMDAwMH19"
        }
      ]
    },
    {
      "mode": "managed",
      "type": "google_sql_user",
      "name": "db_user",
      "provider": "provider[\"registry.terraform.io/hashicorp/google\"]",
      "instances": [
        {
          "schema_version": 1,
          "attributes": {
            "deletion_policy": null,
            "host": "",
            "id": "appuser//the-datterbasse-instance",
            "instance": "the-datterbasse-instance",
            "name": "appuser",
            "password": "your-password",
            "password_policy": [],
            "password_wo": null,
            "password_wo_version": null,
            "project": "cloudbros",
            "sql_server_user_details": [],
            "timeouts": null,
            "type": ""
          },
          "sensitive_attributes": [
            [
              {
                "type": "get_attr",
                "value": "password"
              }
            ]
          ],
          "identity_schema_version": 0,
          "private": "eyJlMmJmYjczMC1lY2FhLTExZTYtOGY4OC0zNDM2M2JjN2M0YzAiOnsiY3JlYXRlIjo2MDAwMDAwMDAwMDAsImRlbGV0ZSI6NjAwMDAwMDAwMDAwLCJ1cGRhdGUiOjYwMDAwMDAwMDAwMH0sInNjaGVtYV92ZXJzaW9uIjoiMSJ9",
          "dependencies": [
            "google_sql_database_instance.instance"
          ]
        }
      ]
    }
  ],
  "check_results": null
}
